
Microsoft Visual Studio Solution File, Format Version 12.00
# Visual Studio Version 17
VisualStudioVersion = 17.9.34723.18
MinimumVisualStudioVersion = 10.0.40219.1
Project("{9A19103F-16F7-4668-BE54-9A1E7A4F7556}") = "TodoList", "TodoList.csproj", "{084E1499-864E-4878-BCD1-1FBFBE244775}"
EndProject
Global
	GlobalSection(SolutionConfigurationPlatforms) = preSolution
		Debug|Any CPU = Debug|Any CPU
		Release|Any CPU = Release|Any CPU
	EndGlobalSection
	GlobalSection(ProjectConfigurationPlatforms) = postSolution
		{084E1499-864E-4878-BCD1-1FBFBE244775}.Debug|Any CPU.ActiveCfg = Debug|Any CPU
		{084E1499-864E-4878-BCD1-1FBFBE244775}.Debug|Any CPU.Build.0 = Debug|Any CPU
		{084E1499-864E-4878-BCD1-1FBFBE244775}.Release|Any CPU.ActiveCfg = Release|Any CPU
		{084E1499-864E-4878-BCD1-1FBFBE244775}.Release|Any CPU.Build.0 = Release|Any CPU
	EndGlobalSection
	GlobalSection(SolutionProperties) = preSolution
		HideSolutionNode = FALSE
	EndGlobalSection
	GlobalSection(ExtensibilityGlobals) = postSolution
		SolutionGuid = {020461E2-5269-4FE5-804F-827EA8D7881C}
	EndGlobalSection
EndGlobal
